
Microsoft Visual Studio Solution File, Format Version 12.00
Project("{FAE04EC0-301F-11D3-BF4B-00C04F79EFBC}") = "LeetAuthConsole", "LeetAuthConsole\LeetAuthConsole.csproj", "{F598EC2C-68D6-4AEB-8B75-2C2CF99FE78E}"
EndProject
Global
	GlobalSection(SolutionConfigurationPlatforms) = preSolution
		Debug|Any CPU = Debug|Any CPU
		Release|Any CPU = Release|Any CPU
	EndGlobalSection
	GlobalSection(ProjectConfigurationPlatforms) = postSolution
		{F598EC2C-68D6-4AEB-8B75-2C2CF99FE78E}.Debug|Any CPU.ActiveCfg = Debug|Any CPU
		{F598EC2C-68D6-4AEB-8B75-2C2CF99FE78E}.Debug|Any CPU.Build.0 = Debug|Any CPU
		{F598EC2C-68D6-4AEB-8B75-2C2CF99FE78E}.Release|Any CPU.ActiveCfg = Release|Any CPU
		{F598EC2C-68D6-4AEB-8B75-2C2CF99FE78E}.Release|Any CPU.Build.0 = Release|Any CPU
	EndGlobalSection
EndGlobal
